
Microsoft Visual Studio Solution File, Format Version 12.00
# Visual Studio Version 17
VisualStudioVersion = 17.5.33516.290
MinimumVisualStudioVersion = 10.0.40219.1
Project("{FAE04EC0-301F-11D3-BF4B-00C04F79EFBC}") = "ПР4", "ПР4\ПР4.csproj", "{D8F6C36A-B578-4083-B58B-DE221B105622}"
EndProject
Global
	GlobalSection(SolutionConfigurationPlatforms) = preSolution
		Debug|Any CPU = Debug|Any CPU
		Release|Any CPU = Release|Any CPU
	EndGlobalSection
	GlobalSection(ProjectConfigurationPlatforms) = postSolution
		{D8F6C36A-B578-4083-B58B-DE221B105622}.Debug|Any CPU.ActiveCfg = Debug|Any CPU
		{D8F6C36A-B578-4083-B58B-DE221B105622}.Debug|Any CPU.Build.0 = Debug|Any CPU
		{D8F6C36A-B578-4083-B58B-DE221B105622}.Release|Any CPU.ActiveCfg = Release|Any CPU
		{D8F6C36A-B578-4083-B58B-DE221B105622}.Release|Any CPU.Build.0 = Release|Any CPU
	EndGlobalSection
	GlobalSection(SolutionProperties) = preSolution
		HideSolutionNode = FALSE
	EndGlobalSection
	GlobalSection(ExtensibilityGlobals) = postSolution
		SolutionGuid = {4CFA932F-EA8A-4F27-9F6A-59EFA2B56376}
	EndGlobalSection
EndGlobal
